
Microsoft Visual Studio Solution File, Format Version 12.00
# Visual Studio Version 17
VisualStudioVersion = 17.1.31911.260
MinimumVisualStudioVersion = 10.0.40219.1
Project("{FAE04EC0-301F-11D3-BF4B-00C04F79EFBC}") = "LCPInstaller", "LCPInstaller\LCPInstaller.csproj", "{97BCFE20-0584-46DE-821E-DD8FA1134D89}"
EndProject
Global
	GlobalSection(SolutionConfigurationPlatforms) = preSolution
		Debug|Any CPU = Debug|Any CPU
		Release|Any CPU = Release|Any CPU
	EndGlobalSection
	GlobalSection(ProjectConfigurationPlatforms) = postSolution
		{97BCFE20-0584-46DE-821E-DD8FA1134D89}.Debug|Any CPU.ActiveCfg = Debug|Any CPU
		{97BCFE20-0584-46DE-821E-DD8FA1134D89}.Debug|Any CPU.Build.0 = Debug|Any CPU
		{97BCFE20-0584-46DE-821E-DD8FA1134D89}.Release|Any CPU.ActiveCfg = Release|Any CPU
		{97BCFE20-0584-46DE-821E-DD8FA1134D89}.Release|Any CPU.Build.0 = Release|Any CPU
	EndGlobalSection
	GlobalSection(SolutionProperties) = preSolution
		HideSolutionNode = FALSE
	EndGlobalSection
	GlobalSection(ExtensibilityGlobals) = postSolution
		SolutionGuid = {DF407A31-E724-466D-8781-6345D382A12F}
	EndGlobalSection
EndGlobal
